// !$*UTF8*$!
{
	archiveVersion = 1;
	classes = {
	};
	objectVersion = 55;
	objects = {

/* Begin PBXBuildFile section */
		495FCA1555DE19A4F91E8B57 /* Pods_BROChat.framework in Frameworks */ = {isa = PBXBuildFile; fileRef = F3940014C3F5B5FD1A3449D1 /* Pods_BROChat.framework */; };
		7D08374F2893E4280091E803 /* AppDelegate.swift in Sources */ = {isa = PBXBuildFile; fileRef = 7D08374E2893E4280091E803 /* AppDelegate.swift */; };
		7D0837512893E4280091E803 /* SceneDelegate.swift in Sources */ = {isa = PBXBuildFile; fileRef = 7D0837502893E4280091E803 /* SceneDelegate.swift */; };
		7D0837532893E4280091E803 /* WelcomeViewController.swift in Sources */ = {isa = PBXBuildFile; fileRef = 7D0837522893E4280091E803 /* WelcomeViewController.swift */; };
		7D0837562893E4280091E803 /* Main.storyboard in Resources */ = {isa = PBXBuildFile; fileRef = 7D0837542893E4280091E803 /* Main.storyboard */; };
		7D0837582893E42E0091E803 /* Assets.xcassets in Resources */ = {isa = PBXBuildFile; fileRef = 7D0837572893E42E0091E803 /* Assets.xcassets */; };
		7D08375B2893E42E0091E803 /* LaunchScreen.storyboard in Resources */ = {isa = PBXBuildFile; fileRef = 7D0837592893E42E0091E803 /* LaunchScreen.storyboard */; };
		7D0837662893E42F0091E803 /* BROChatTests.swift in Sources */ = {isa = PBXBuildFile; fileRef = 7D0837652893E42F0091E803 /* BROChatTests.swift */; };
		7D0837702893E42F0091E803 /* BROChatUITests.swift in Sources */ = {isa = PBXBuildFile; fileRef = 7D08376F2893E42F0091E803 /* BROChatUITests.swift */; };
		7D0837722893E42F0091E803 /* BROChatUITestsLaunchTests.swift in Sources */ = {isa = PBXBuildFile; fileRef = 7D0837712893E42F0091E803 /* BROChatUITestsLaunchTests.swift */; };
		7D4909BF28AEC7E100890131 /* MessagesView.swift in Sources */ = {isa = PBXBuildFile; fileRef = 7D4909BE28AEC7E100890131 /* MessagesView.swift */; };
		7D4909C128AEC7F700890131 /* MessageCreatorDelegate.swift in Sources */ = {isa = PBXBuildFile; fileRef = 7D4909C028AEC7F700890131 /* MessageCreatorDelegate.swift */; };
		7D4909C328AEC8BE00890131 /* MessageCell.swift in Sources */ = {isa = PBXBuildFile; fileRef = 7D4909C228AEC8BE00890131 /* MessageCell.swift */; };
		7D54491F28991DAB00291A35 /* BROChat.xcworkspace in Resources */ = {isa = PBXBuildFile; fileRef = 7D54491E28991DAB00291A35 /* BROChat.xcworkspace */; };
		7D9A29FC289D2DF7001BDF64 /* LogInView.swift in Sources */ = {isa = PBXBuildFile; fileRef = 7D9A29FB289D2DF7001BDF64 /* LogInView.swift */; };
		7D9A29FF28A11683001BDF64 /* WelcomeView.swift in Sources */ = {isa = PBXBuildFile; fileRef = 7D9A29FE28A11683001BDF64 /* WelcomeView.swift */; };
		7DA1F9F728AACECD00751497 /* ChatView in Resources */ = {isa = PBXBuildFile; fileRef = 7DA1F9F628AACECD00751497 /* ChatView */; };
		7DA1F9F928AAD02000751497 /* ContactsTableViewController.swift in Sources */ = {isa = PBXBuildFile; fileRef = 7DA1F9F828AAD02000751497 /* ContactsTableViewController.swift */; };
		7DA1F9FB28AAD03800751497 /* ContactsTableViewCell.swift in Sources */ = {isa = PBXBuildFile; fileRef = 7DA1F9FA28AAD03800751497 /* ContactsTableViewCell.swift */; };
		7DA1F9FE28AC21BC00751497 /* InboxTableViewController.swift in Sources */ = {isa = PBXBuildFile; fileRef = 7DA1F9FD28AC21BC00751497 /* InboxTableViewController.swift */; };
		7DA1FA0228AC220800751497 /* MessagesViewController.swift in Sources */ = {isa = PBXBuildFile; fileRef = 7DA1FA0128AC220800751497 /* MessagesViewController.swift */; };
		7DA1FA0428AC221D00751497 /* InboxCell.swift in Sources */ = {isa = PBXBuildFile; fileRef = 7DA1FA0328AC221D00751497 /* InboxCell.swift */; };
		7DAA78FE289BB6E600710602 /* GoogleService-Info.plist in Resources */ = {isa = PBXBuildFile; fileRef = 7DAA78FD289BB6E600710602 /* GoogleService-Info.plist */; };
		7DE08F32289BAD7D00F03F94 /* LogInViewController.swift in Sources */ = {isa = PBXBuildFile; fileRef = 7DE08F31289BAD7D00F03F94 /* LogInViewController.swift */; };
		7DF6116B28BE056F00CCF2A1 /* SignUpViewController.swift in Sources */ = {isa = PBXBuildFile; fileRef = 7DF6116A28BE056F00CCF2A1 /* SignUpViewController.swift */; };
		7DF6116E28BE067D00CCF2A1 /* SignUpView.swift in Sources */ = {isa = PBXBuildFile; fileRef = 7DF6116D28BE067D00CCF2A1 /* SignUpView.swift */; };
		95E5AE202E493E926D805987 /* Pods_BROChatTests.framework in Frameworks */ = {isa = PBXBuildFile; fileRef = 0A2088CB9FBC642E4B98D03F /* Pods_BROChatTests.framework */; };
		AD5E17179B4EDFA767A8B71F /* Pods_BROChat_BROChatUITests.framework in Frameworks */ = {isa = PBXBuildFile; fileRef = 9ACCCB44B86758BDF5810B4B /* Pods_BROChat_BROChatUITests.framework */; };
/* End PBXBuildFile section */

/* Begin PBXContainerItemProxy section */
		7D0837622893E42F0091E803 /* PBXContainerItemProxy */ = {
			isa = PBXContainerItemProxy;
			containerPortal = 7D0837432893E4280091E803 /* Project object */;
			proxyType = 1;
			remoteGlobalIDString = 7D08374A2893E4280091E803;
			remoteInfo = BROChat;
		};
		7D08376C2893E42F0091E803 /* PBXContainerItemProxy */ = {
			isa = PBXContainerItemProxy;
			containerPortal = 7D0837432893E4280091E803 /* Project object */;
			proxyType = 1;
			remoteGlobalIDString = 7D08374A2893E4280091E803;
			remoteInfo = BROChat;
		};
/* End PBXContainerItemProxy section */

/* Begin PBXFileReference section */
		0A2088CB9FBC642E4B98D03F /* Pods_BROChatTests.framework */ = {isa = PBXFileReference; explicitFileType = wrapper.framework; includeInIndex = 0; path = Pods_BROChatTests.framework; sourceTree = BUILT_PRODUCTS_DIR; };
		19C964E5B36473DD60FC59C2 /* Pods-BROChat-BROChatUITests.release.xcconfig */ = {isa = PBXFileReference; includeInIndex = 1; lastKnownFileType = text.xcconfig; name = "Pods-BROChat-BROChatUITests.release.xcconfig"; path = "Target Support Files/Pods-BROChat-BROChatUITests/Pods-BROChat-BROChatUITests.release.xcconfig"; sourceTree = "<group>"; };
		5F1D2EB0BE61AFB41DD44C4A /* Pods-BROChat-BROChatUITests.debug.xcconfig */ = {isa = PBXFileReference; includeInIndex = 1; lastKnownFileType = text.xcconfig; name = "Pods-BROChat-BROChatUITests.debug.xcconfig"; path = "Target Support Files/Pods-BROChat-BROChatUITests/Pods-BROChat-BROChatUITests.debug.xcconfig"; sourceTree = "<group>"; };
		7D08374B2893E4280091E803 /* BROChat.app */ = {isa = PBXFileReference; explicitFileType = wrapper.application; includeInIndex = 0; path = BROChat.app; sourceTree = BUILT_PRODUCTS_DIR; };
		7D08374E2893E4280091E803 /* AppDelegate.swift */ = {isa = PBXFileReference; lastKnownFileType = sourcecode.swift; path = AppDelegate.swift; sourceTree = "<group>"; };
		7D0837502893E4280091E803 /* SceneDelegate.swift */ = {isa = PBXFileReference; lastKnownFileType = sourcecode.swift; path = SceneDelegate.swift; sourceTree = "<group>"; };
		7D0837522893E4280091E803 /* WelcomeViewController.swift */ = {isa = PBXFileReference; lastKnownFileType = sourcecode.swift; path = WelcomeViewController.swift; sourceTree = "<group>"; };
		7D0837552893E4280091E803 /* Base */ = {isa = PBXFileReference; lastKnownFileType = file.storyboard; name = Base; path = Base.lproj/Main.storyboard; sourceTree = "<group>"; };
		7D0837572893E42E0091E803 /* Assets.xcassets */ = {isa = PBXFileReference; lastKnownFileType = folder.assetcatalog; path = Assets.xcassets; sourceTree = "<group>"; };
		7D08375A2893E42E0091E803 /* Base */ = {isa = PBXFileReference; lastKnownFileType = file.storyboard; name = Base; path = Base.lproj/LaunchScreen.storyboard; sourceTree = "<group>"; };
		7D08375C2893E42E0091E803 /* Info.plist */ = {isa = PBXFileReference; lastKnownFileType = text.plist.xml; path = Info.plist; sourceTree = "<group>"; };
		7D0837612893E42F0091E803 /* BROChatTests.xctest */ = {isa = PBXFileReference; explicitFileType = wrapper.cfbundle; includeInIndex = 0; path = BROChatTests.xctest; sourceTree = BUILT_PRODUCTS_DIR; };
		7D0837652893E42F0091E803 /* BROChatTests.swift */ = {isa = PBXFileReference; lastKnownFileType = sourcecode.swift; path = BROChatTests.swift; sourceTree = "<group>"; };
		7D08376B2893E42F0091E803 /* BROChatUITests.xctest */ = {isa = PBXFileReference; explicitFileType = wrapper.cfbundle; includeInIndex = 0; path = BROChatUITests.xctest; sourceTree = BUILT_PRODUCTS_DIR; };
		7D08376F2893E42F0091E803 /* BROChatUITests.swift */ = {isa = PBXFileReference; lastKnownFileType = sourcecode.swift; path = BROChatUITests.swift; sourceTree = "<group>"; };
		7D0837712893E42F0091E803 /* BROChatUITestsLaunchTests.swift */ = {isa = PBXFileReference; lastKnownFileType = sourcecode.swift; path = BROChatUITestsLaunchTests.swift; sourceTree = "<group>"; };
		7D4909BE28AEC7E100890131 /* MessagesView.swift */ = {isa = PBXFileReference; lastKnownFileType = sourcecode.swift; path = MessagesView.swift; sourceTree = "<group>"; };
		7D4909C028AEC7F700890131 /* MessageCreatorDelegate.swift */ = {isa = PBXFileReference; lastKnownFileType = sourcecode.swift; path = MessageCreatorDelegate.swift; sourceTree = "<group>"; };
		7D4909C228AEC8BE00890131 /* MessageCell.swift */ = {isa = PBXFileReference; lastKnownFileType = sourcecode.swift; path = MessageCell.swift; sourceTree = "<group>"; };
		7D54491E28991DAB00291A35 /* BROChat.xcworkspace */ = {isa = PBXFileReference; lastKnownFileType = wrapper.workspace; path = BROChat.xcworkspace; sourceTree = "<group>"; };
		7D9A29FB289D2DF7001BDF64 /* LogInView.swift */ = {isa = PBXFileReference; lastKnownFileType = sourcecode.swift; path = LogInView.swift; sourceTree = "<group>"; };
		7D9A29FE28A11683001BDF64 /* WelcomeView.swift */ = {isa = PBXFileReference; lastKnownFileType = sourcecode.swift; path = WelcomeView.swift; sourceTree = "<group>"; };
		7DA1F9F628AACECD00751497 /* ChatView */ = {isa = PBXFileReference; fileEncoding = 4; lastKnownFileType = folder; name = ChatView; path = BROChat/ChatView; sourceTree = SOURCE_ROOT; };
		7DA1F9F828AAD02000751497 /* ContactsTableViewController.swift */ = {isa = PBXFileReference; lastKnownFileType = sourcecode.swift; path = ContactsTableViewController.swift; sourceTree = "<group>"; };
		7DA1F9FA28AAD03800751497 /* ContactsTableViewCell.swift */ = {isa = PBXFileReference; lastKnownFileType = sourcecode.swift; path = ContactsTableViewCell.swift; sourceTree = "<group>"; };
		7DA1F9FD28AC21BC00751497 /* InboxTableViewController.swift */ = {isa = PBXFileReference; lastKnownFileType = sourcecode.swift; path = InboxTableViewController.swift; sourceTree = "<group>"; };
		7DA1FA0128AC220800751497 /* MessagesViewController.swift */ = {isa = PBXFileReference; lastKnownFileType = sourcecode.swift; path = MessagesViewController.swift; sourceTree = "<group>"; };
		7DA1FA0328AC221D00751497 /* InboxCell.swift */ = {isa = PBXFileReference; lastKnownFileType = sourcecode.swift; path = InboxCell.swift; sourceTree = "<group>"; };
		7DAA78FD289BB6E600710602 /* GoogleService-Info.plist */ = {isa = PBXFileReference; fileEncoding = 4; lastKnownFileType = text.plist.xml; path = "GoogleService-Info.plist"; sourceTree = "<group>"; };
		7DE08F31289BAD7D00F03F94 /* LogInViewController.swift */ = {isa = PBXFileReference; lastKnownFileType = sourcecode.swift; path = LogInViewController.swift; sourceTree = "<group>"; };
		7DF6116A28BE056F00CCF2A1 /* SignUpViewController.swift */ = {isa = PBXFileReference; lastKnownFileType = sourcecode.swift; path = SignUpViewController.swift; sourceTree = "<group>"; };
		7DF6116D28BE067D00CCF2A1 /* SignUpView.swift */ = {isa = PBXFileReference; lastKnownFileType = sourcecode.swift; path = SignUpView.swift; sourceTree = "<group>"; };
		9ACCCB44B86758BDF5810B4B /* Pods_BROChat_BROChatUITests.framework */ = {isa = PBXFileReference; explicitFileType = wrapper.framework; includeInIndex = 0; path = Pods_BROChat_BROChatUITests.framework; sourceTree = BUILT_PRODUCTS_DIR; };
		D97325812A51299A828D9C26 /* Pods-BROChatTests.debug.xcconfig */ = {isa = PBXFileReference; includeInIndex = 1; lastKnownFileType = text.xcconfig; name = "Pods-BROChatTests.debug.xcconfig"; path = "Target Support Files/Pods-BROChatTests/Pods-BROChatTests.debug.xcconfig"; sourceTree = "<group>"; };
		DEE66634EA3B63A169B0228A /* Pods-BROChat.debug.xcconfig */ = {isa = PBXFileReference; includeInIndex = 1; lastKnownFileType = text.xcconfig; name = "Pods-BROChat.debug.xcconfig"; path = "Target Support Files/Pods-BROChat/Pods-BROChat.debug.xcconfig"; sourceTree = "<group>"; };
		E39116CB324E5B930BED329B /* Pods-BROChat.release.xcconfig */ = {isa = PBXFileReference; includeInIndex = 1; lastKnownFileType = text.xcconfig; name = "Pods-BROChat.release.xcconfig"; path = "Target Support Files/Pods-BROChat/Pods-BROChat.release.xcconfig"; sourceTree = "<group>"; };
		F3940014C3F5B5FD1A3449D1 /* Pods_BROChat.framework */ = {isa = PBXFileReference; explicitFileType = wrapper.framework; includeInIndex = 0; path = Pods_BROChat.framework; sourceTree = BUILT_PRODUCTS_DIR; };
		F5041689699063B31491123F /* Pods-BROChatTests.release.xcconfig */ = {isa = PBXFileReference; includeInIndex = 1; lastKnownFileType = text.xcconfig; name = "Pods-BROChatTests.release.xcconfig"; path = "Target Support Files/Pods-BROChatTests/Pods-BROChatTests.release.xcconfig"; sourceTree = "<group>"; };
/* End PBXFileReference section */

/* Begin PBXFrameworksBuildPhase section */
		7D0837482893E4280091E803 /* Frameworks */ = {
			isa = PBXFrameworksBuildPhase;
			buildActionMask = 2147483647;
			files = (
				495FCA1555DE19A4F91E8B57 /* Pods_BROChat.framework in Frameworks */,
			);
			runOnlyForDeploymentPostprocessing = 0;
		};
		7D08375E2893E42F0091E803 /* Frameworks */ = {
			isa = PBXFrameworksBuildPhase;
			buildActionMask = 2147483647;
			files = (
				95E5AE202E493E926D805987 /* Pods_BROChatTests.framework in Frameworks */,
			);
			runOnlyForDeploymentPostprocessing = 0;
		};
		7D0837682893E42F0091E803 /* Frameworks */ = {
			isa = PBXFrameworksBuildPhase;
			buildActionMask = 2147483647;
			files = (
				AD5E17179B4EDFA767A8B71F /* Pods_BROChat_BROChatUITests.framework in Frameworks */,
			);
			runOnlyForDeploymentPostprocessing = 0;
		};
/* End PBXFrameworksBuildPhase section */

/* Begin PBXGroup section */
		26821B0FD2D213F230FF1E4E /* Frameworks */ = {
			isa = PBXGroup;
			children = (
				7D54491E28991DAB00291A35 /* BROChat.xcworkspace */,
				F3940014C3F5B5FD1A3449D1 /* Pods_BROChat.framework */,
				9ACCCB44B86758BDF5810B4B /* Pods_BROChat_BROChatUITests.framework */,
				0A2088CB9FBC642E4B98D03F /* Pods_BROChatTests.framework */,
			);
			name = Frameworks;
			sourceTree = "<group>";
		};
		736E72C4F092BC958139DEC9 /* Pods */ = {
			isa = PBXGroup;
			children = (
				DEE66634EA3B63A169B0228A /* Pods-BROChat.debug.xcconfig */,
				E39116CB324E5B930BED329B /* Pods-BROChat.release.xcconfig */,
				5F1D2EB0BE61AFB41DD44C4A /* Pods-BROChat-BROChatUITests.debug.xcconfig */,
				19C964E5B36473DD60FC59C2 /* Pods-BROChat-BROChatUITests.release.xcconfig */,
				D97325812A51299A828D9C26 /* Pods-BROChatTests.debug.xcconfig */,
				F5041689699063B31491123F /* Pods-BROChatTests.release.xcconfig */,
			);
			path = Pods;
			sourceTree = "<group>";
		};
		7D0837422893E4280091E803 = {
			isa = PBXGroup;
			children = (
				7D08374D2893E4280091E803 /* BROChat */,
				7D0837642893E42F0091E803 /* BROChatTests */,
				7D08376E2893E42F0091E803 /* BROChatUITests */,
				7D08374C2893E4280091E803 /* Products */,
				736E72C4F092BC958139DEC9 /* Pods */,
				26821B0FD2D213F230FF1E4E /* Frameworks */,
			);
			sourceTree = "<group>";
		};
		7D08374C2893E4280091E803 /* Products */ = {
			isa = PBXGroup;
			children = (
				7D08374B2893E4280091E803 /* BROChat.app */,
				7D0837612893E42F0091E803 /* BROChatTests.xctest */,
				7D08376B2893E42F0091E803 /* BROChatUITests.xctest */,
			);
			name = Products;
			sourceTree = "<group>";
		};
		7D08374D2893E4280091E803 /* BROChat */ = {
			isa = PBXGroup;
			children = (
				7DAA78FD289BB6E600710602 /* GoogleService-Info.plist */,
				7D08374E2893E4280091E803 /* AppDelegate.swift */,
				7D0837502893E4280091E803 /* SceneDelegate.swift */,
				7DA1FA0128AC220800751497 /* MessagesViewController.swift */,
				7D4909BE28AEC7E100890131 /* MessagesView.swift */,
				7D4909C028AEC7F700890131 /* MessageCreatorDelegate.swift */,
				7D4909C228AEC8BE00890131 /* MessageCell.swift */,
				7DA1FA0328AC221D00751497 /* InboxCell.swift */,
				7DA1F9FD28AC21BC00751497 /* InboxTableViewController.swift */,
				7DA1F9FC28AAD04500751497 /* Contacts */,
				7DA1F9F628AACECD00751497 /* ChatView */,
				7D9A29FD28A1161A001BDF64 /* WelcomeView */,
				7DF6116C28BE058200CCF2A1 /* SignIn */,
				7D9A29FA289D2DB0001BDF64 /* LogIn */,
				7D0837542893E4280091E803 /* Main.storyboard */,
				7D0837572893E42E0091E803 /* Assets.xcassets */,
				7D0837592893E42E0091E803 /* LaunchScreen.storyboard */,
				7D08375C2893E42E0091E803 /* Info.plist */,
			);
			path = BROChat;
			sourceTree = "<group>";
		};
		7D0837642893E42F0091E803 /* BROChatTests */ = {
			isa = PBXGroup;
			children = (
				7D0837652893E42F0091E803 /* BROChatTests.swift */,
			);
			path = BROChatTests;
			sourceTree = "<group>";
		};
		7D08376E2893E42F0091E803 /* BROChatUITests */ = {
			isa = PBXGroup;
			children = (
				7D08376F2893E42F0091E803 /* BROChatUITests.swift */,
				7D0837712893E42F0091E803 /* BROChatUITestsLaunchTests.swift */,
			);
			path = BROChatUITests;
			sourceTree = "<group>";
		};
		7D9A29FA289D2DB0001BDF64 /* LogIn */ = {
			isa = PBXGroup;
			children = (
				7DE08F31289BAD7D00F03F94 /* LogInViewController.swift */,
				7D9A29FB289D2DF7001BDF64 /* LogInView.swift */,
			);
			path = LogIn;
			sourceTree = "<group>";
		};
		7D9A29FD28A1161A001BDF64 /* WelcomeView */ = {
			isa = PBXGroup;
			children = (
				7D0837522893E4280091E803 /* WelcomeViewController.swift */,
				7D9A29FE28A11683001BDF64 /* WelcomeView.swift */,
			);
			path = WelcomeView;
			sourceTree = "<group>";
		};
		7DA1F9FC28AAD04500751497 /* Contacts */ = {
			isa = PBXGroup;
			children = (
				7DA1F9F828AAD02000751497 /* ContactsTableViewController.swift */,
				7DA1F9FA28AAD03800751497 /* ContactsTableViewCell.swift */,
			);
			path = Contacts;
			sourceTree = "<group>";
		};
		7DF6116C28BE058200CCF2A1 /* SignIn */ = {
			isa = PBXGroup;
			children = (
				7DF6116A28BE056F00CCF2A1 /* SignUpViewController.swift */,
				7DF6116D28BE067D00CCF2A1 /* SignUpView.swift */,
			);
			path = SignIn;
			sourceTree = "<group>";
		};
/* End PBXGroup section */

/* Begin PBXNativeTarget section */
		7D08374A2893E4280091E803 /* BROChat */ = {
			isa = PBXNativeTarget;
			buildConfigurationList = 7D0837752893E42F0091E803 /* Build configuration list for PBXNativeTarget "BROChat" */;
			buildPhases = (
				4D61FAC8E2F8F69FCF0D63AB /* [CP] Check Pods Manifest.lock */,
				7D0837472893E4280091E803 /* Sources */,
				7D0837482893E4280091E803 /* Frameworks */,
				7D0837492893E4280091E803 /* Resources */,
				A15ABDD2B371B4DA309EF49C /* [CP] Embed Pods Frameworks */,
			);
			buildRules = (
			);
			dependencies = (
			);
			name = BROChat;
			productName = BROChat;
			productReference = 7D08374B2893E4280091E803 /* BROChat.app */;
			productType = "com.apple.product-type.application";
		};
		7D0837602893E42F0091E803 /* BROChatTests */ = {
			isa = PBXNativeTarget;
			buildConfigurationList = 7D0837782893E42F0091E803 /* Build configuration list for PBXNativeTarget "BROChatTests" */;
			buildPhases = (
				7DF3B7AD6633399483F30EAA /* [CP] Check Pods Manifest.lock */,
				7D08375D2893E42F0091E803 /* Sources */,
				7D08375E2893E42F0091E803 /* Frameworks */,
				7D08375F2893E42F0091E803 /* Resources */,
			);
			buildRules = (
			);
			dependencies = (
				7D0837632893E42F0091E803 /* PBXTargetDependency */,
			);
			name = BROChatTests;
			productName = BROChatTests;
			productReference = 7D0837612893E42F0091E803 /* BROChatTests.xctest */;
			productType = "com.apple.product-type.bundle.unit-test";
		};
		7D08376A2893E42F0091E803 /* BROChatUITests */ = {
			isa = PBXNativeTarget;
			buildConfigurationList = 7D08377B2893E42F0091E803 /* Build configuration list for PBXNativeTarget "BROChatUITests" */;
			buildPhases = (
				1D3FE46638B12EA20862163A /* [CP] Check Pods Manifest.lock */,
				7D0837672893E42F0091E803 /* Sources */,
				7D0837682893E42F0091E803 /* Frameworks */,
				7D0837692893E42F0091E803 /* Resources */,
				BEA331876C4B42963C8D42FC /* [CP] Embed Pods Frameworks */,
			);
			buildRules = (
			);
			dependencies = (
				7D08376D2893E42F0091E803 /* PBXTargetDependency */,
			);
			name = BROChatUITests;
			productName = BROChatUITests;
			productReference = 7D08376B2893E42F0091E803 /* BROChatUITests.xctest */;
			productType = "com.apple.product-type.bundle.ui-testing";
		};
/* End PBXNativeTarget section */

/* Begin PBXProject section */
		7D0837432893E4280091E803 /* Project object */ = {
			isa = PBXProject;
			attributes = {
				BuildIndependentTargetsInParallel = 1;
				LastSwiftUpdateCheck = 1320;
				LastUpgradeCheck = 1320;
				TargetAttributes = {
					7D08374A2893E4280091E803 = {
						CreatedOnToolsVersion = 13.2.1;
					};
					7D0837602893E42F0091E803 = {
						CreatedOnToolsVersion = 13.2.1;
						TestTargetID = 7D08374A2893E4280091E803;
					};
					7D08376A2893E42F0091E803 = {
						CreatedOnToolsVersion = 13.2.1;
						TestTargetID = 7D08374A2893E4280091E803;
					};
				};
			};
			buildConfigurationList = 7D0837462893E4280091E803 /* Build configuration list for PBXProject "BROChat" */;
			compatibilityVersion = "Xcode 13.0";
			developmentRegion = en;
			hasScannedForEncodings = 0;
			knownRegions = (
				en,
				Base,
			);
			mainGroup = 7D0837422893E4280091E803;
			productRefGroup = 7D08374C2893E4280091E803 /* Products */;
			projectDirPath = "";
			projectRoot = "";
			targets = (
				7D08374A2893E4280091E803 /* BROChat */,
				7D0837602893E42F0091E803 /* BROChatTests */,
				7D08376A2893E42F0091E803 /* BROChatUITests */,
			);
		};
/* End PBXProject section */

/* Begin PBXResourcesBuildPhase section */
		7D0837492893E4280091E803 /* Resources */ = {
			isa = PBXResourcesBuildPhase;
			buildActionMask = 2147483647;
			files = (
				7D08375B2893E42E0091E803 /* LaunchScreen.storyboard in Resources */,
				7DAA78FE289BB6E600710602 /* GoogleService-Info.plist in Resources */,
				7DA1F9F728AACECD00751497 /* ChatView in Resources */,
				7D0837582893E42E0091E803 /* Assets.xcassets in Resources */,
				7D0837562893E4280091E803 /* Main.storyboard in Resources */,
			);
			runOnlyForDeploymentPostprocessing = 0;
		};
		7D08375F2893E42F0091E803 /* Resources */ = {
			isa = PBXResourcesBuildPhase;
			buildActionMask = 2147483647;
			files = (
				7D54491F28991DAB00291A35 /* BROChat.xcworkspace in Resources */,
			);
			runOnlyForDeploymentPostprocessing = 0;
		};
		7D0837692893E42F0091E803 /* Resources */ = {
			isa = PBXResourcesBuildPhase;
			buildActionMask = 2147483647;
			files = (
			);
			runOnlyForDeploymentPostprocessing = 0;
		};
/* End PBXResourcesBuildPhase section */

/* Begin PBXShellScriptBuildPhase section */
		1D3FE46638B12EA20862163A /* [CP] Check Pods Manifest.lock */ = {
			isa = PBXShellScriptBuildPhase;
			buildActionMask = 2147483647;
			files = (
			);
			inputFileListPaths = (
			);
			inputPaths = (
				"${PODS_PODFILE_DIR_PATH}/Podfile.lock",
				"${PODS_ROOT}/Manifest.lock",
			);
			name = "[CP] Check Pods Manifest.lock";
			outputFileListPaths = (
			);
			outputPaths = (
				"$(DERIVED_FILE_DIR)/Pods-BROChat-BROChatUITests-checkManifestLockResult.txt",
			);
			runOnlyForDeploymentPostprocessing = 0;
			shellPath = /bin/sh;
			shellScript = "diff \"${PODS_PODFILE_DIR_PATH}/Podfile.lock\" \"${PODS_ROOT}/Manifest.lock\" > /dev/null\nif [ $? != 0 ] ; then\n    # print error to STDERR\n    echo \"error: The sandbox is not in sync with the Podfile.lock. Run 'pod install' or update your CocoaPods installation.\" >&2\n    exit 1\nfi\n# This output is used by Xcode 'outputs' to avoid re-running this script phase.\necho \"SUCCESS\" > \"${SCRIPT_OUTPUT_FILE_0}\"\n";
			showEnvVarsInLog = 0;
		};
		4D61FAC8E2F8F69FCF0D63AB /* [CP] Check Pods Manifest.lock */ = {
			isa = PBXShellScriptBuildPhase;
			buildActionMask = 2147483647;
			files = (
			);
			inputFileListPaths = (
			);
			inputPaths = (
				"${PODS_PODFILE_DIR_PATH}/Podfile.lock",
				"${PODS_ROOT}/Manifest.lock",
			);
			name = "[CP] Check Pods Manifest.lock";
			outputFileListPaths = (
			);
			outputPaths = (
				"$(DERIVED_FILE_DIR)/Pods-BROChat-checkManifestLockResult.txt",
			);
			runOnlyForDeploymentPostprocessing = 0;
			shellPath = /bin/sh;
			shellScript = "diff \"${PODS_PODFILE_DIR_PATH}/Podfile.lock\" \"${PODS_ROOT}/Manifest.lock\" > /dev/null\nif [ $? != 0 ] ; then\n    # print error to STDERR\n    echo \"error: The sandbox is not in sync with the Podfile.lock. Run 'pod install' or update your CocoaPods installation.\" >&2\n    exit 1\nfi\n# This output is used by Xcode 'outputs' to avoid re-running this script phase.\necho \"SUCCESS\" > \"${SCRIPT_OUTPUT_FILE_0}\"\n";
			showEnvVarsInLog = 0;
		};
		7DF3B7AD6633399483F30EAA /* [CP] Check Pods Manifest.lock */ = {
			isa = PBXShellScriptBuildPhase;
			buildActionMask = 2147483647;
			files = (
			);
			inputFileListPaths = (
			);
			inputPaths = (
				"${PODS_PODFILE_DIR_PATH}/Podfile.lock",
				"${PODS_ROOT}/Manifest.lock",
			);
			name = "[CP] Check Pods Manifest.lock";
			outputFileListPaths = (
			);
			outputPaths = (
				"$(DERIVED_FILE_DIR)/Pods-BROChatTests-checkManifestLockResult.txt",
			);
			runOnlyForDeploymentPostprocessing = 0;
			shellPath = /bin/sh;
			shellScript = "diff \"${PODS_PODFILE_DIR_PATH}/Podfile.lock\" \"${PODS_ROOT}/Manifest.lock\" > /dev/null\nif [ $? != 0 ] ; then\n    # print error to STDERR\n    echo \"error: The sandbox is not in sync with the Podfile.lock. Run 'pod install' or update your CocoaPods installation.\" >&2\n    exit 1\nfi\n# This output is used by Xcode 'outputs' to avoid re-running this script phase.\necho \"SUCCESS\" > \"${SCRIPT_OUTPUT_FILE_0}\"\n";
			showEnvVarsInLog = 0;
		};
		A15ABDD2B371B4DA309EF49C /* [CP] Embed Pods Frameworks */ = {
			isa = PBXShellScriptBuildPhase;
			buildActionMask = 2147483647;
			files = (
			);
			inputFileListPaths = (
				"${PODS_ROOT}/Target Support Files/Pods-BROChat/Pods-BROChat-frameworks-${CONFIGURATION}-input-files.xcfilelist",
			);
			name = "[CP] Embed Pods Frameworks";
			outputFileListPaths = (
				"${PODS_ROOT}/Target Support Files/Pods-BROChat/Pods-BROChat-frameworks-${CONFIGURATION}-output-files.xcfilelist",
			);
			runOnlyForDeploymentPostprocessing = 0;
			shellPath = /bin/sh;
			shellScript = "\"${PODS_ROOT}/Target Support Files/Pods-BROChat/Pods-BROChat-frameworks.sh\"\n";
			showEnvVarsInLog = 0;
		};
		BEA331876C4B42963C8D42FC /* [CP] Embed Pods Frameworks */ = {
			isa = PBXShellScriptBuildPhase;
			buildActionMask = 2147483647;
			files = (
			);
			inputFileListPaths = (
				"${PODS_ROOT}/Target Support Files/Pods-BROChat-BROChatUITests/Pods-BROChat-BROChatUITests-frameworks-${CONFIGURATION}-input-files.xcfilelist",
			);
			name = "[CP] Embed Pods Frameworks";
			outputFileListPaths = (
				"${PODS_ROOT}/Target Support Files/Pods-BROChat-BROChatUITests/Pods-BROChat-BROChatUITests-frameworks-${CONFIGURATION}-output-files.xcfilelist",
			);
			runOnlyForDeploymentPostprocessing = 0;
			shellPath = /bin/sh;
			shellScript = "\"${PODS_ROOT}/Target Support Files/Pods-BROChat-BROChatUITests/Pods-BROChat-BROChatUITests-frameworks.sh\"\n";
			showEnvVarsInLog = 0;
		};
/* End PBXShellScriptBuildPhase section */

/* Begin PBXSourcesBuildPhase section */
		7D0837472893E4280091E803 /* Sources */ = {
			isa = PBXSourcesBuildPhase;
			buildActionMask = 2147483647;
			files = (
				7D4909C128AEC7F700890131 /* MessageCreatorDelegate.swift in Sources */,
				7DA1FA0228AC220800751497 /* MessagesViewController.swift in Sources */,
				7DA1F9FB28AAD03800751497 /* ContactsTableViewCell.swift in Sources */,
				7D0837532893E4280091E803 /* WelcomeViewController.swift in Sources */,
				7D9A29FF28A11683001BDF64 /* WelcomeView.swift in Sources */,
				7D08374F2893E4280091E803 /* AppDelegate.swift in Sources */,
				7DA1F9FE28AC21BC00751497 /* InboxTableViewController.swift in Sources */,
				7DE08F32289BAD7D00F03F94 /* LogInViewController.swift in Sources */,
				7DA1FA0428AC221D00751497 /* InboxCell.swift in Sources */,
				7DF6116B28BE056F00CCF2A1 /* SignUpViewController.swift in Sources */,
				7D4909BF28AEC7E100890131 /* MessagesView.swift in Sources */,
				7D0837512893E4280091E803 /* SceneDelegate.swift in Sources */,
				7D9A29FC289D2DF7001BDF64 /* LogInView.swift in Sources */,
				7DA1F9F928AAD02000751497 /* ContactsTableViewController.swift in Sources */,
				7DF6116E28BE067D00CCF2A1 /* SignUpView.swift in Sources */,
				7D4909C328AEC8BE00890131 /* MessageCell.swift in Sources */,
			);
			runOnlyForDeploymentPostprocessing = 0;
		};
		7D08375D2893E42F0091E803 /* Sources */ = {
			isa = PBXSourcesBuildPhase;
			buildActionMask = 2147483647;
			files = (
				7D0837662893E42F0091E803 /* BROChatTests.swift in Sources */,
			);
			runOnlyForDeploymentPostprocessing = 0;
		};
		7D0837672893E42F0091E803 /* Sources */ = {
			isa = PBXSourcesBuildPhase;
			buildActionMask = 2147483647;
			files = (
				7D0837722893E42F0091E803 /* BROChatUITestsLaunchTests.swift in Sources */,
				7D0837702893E42F0091E803 /* BROChatUITests.swift in Sources */,
			);
			runOnlyForDeploymentPostprocessing = 0;
		};
/* End PBXSourcesBuildPhase section */

/* Begin PBXTargetDependency section */
		7D0837632893E42F0091E803 /* PBXTargetDependency */ = {
			isa = PBXTargetDependency;
			target = 7D08374A2893E4280091E803 /* BROChat */;
			targetProxy = 7D0837622893E42F0091E803 /* PBXContainerItemProxy */;
		};
		7D08376D2893E42F0091E803 /* PBXTargetDependency */ = {
			isa = PBXTargetDependency;
			target = 7D08374A2893E4280091E803 /* BROChat */;
			targetProxy = 7D08376C2893E42F0091E803 /* PBXContainerItemProxy */;
		};
/* End PBXTargetDependency section */

/* Begin PBXVariantGroup section */
		7D0837542893E4280091E803 /* Main.storyboard */ = {
			isa = PBXVariantGroup;
			children = (
				7D0837552893E4280091E803 /* Base */,
			);
			name = Main.storyboard;
			sourceTree = "<group>";
		};
		7D0837592893E42E0091E803 /* LaunchScreen.storyboard */ = {
			isa = PBXVariantGroup;
			children = (
				7D08375A2893E42E0091E803 /* Base */,
			);
			name = LaunchScreen.storyboard;
			sourceTree = "<group>";
		};
/* End PBXVariantGroup section */

/* Begin XCBuildConfiguration section */
		7D0837732893E42F0091E803 /* Debug */ = {
			isa = XCBuildConfiguration;
			buildSettings = {
				ALWAYS_SEARCH_USER_PATHS = NO;
				CLANG_ANALYZER_NONNULL = YES;
				CLANG_ANALYZER_NUMBER_OBJECT_CONVERSION = YES_AGGRESSIVE;
				CLANG_CXX_LANGUAGE_STANDARD = "gnu++17";
				CLANG_CXX_LIBRARY = "libc++";
				CLANG_ENABLE_MODULES = YES;
				CLANG_ENABLE_OBJC_ARC = YES;
				CLANG_ENABLE_OBJC_WEAK = YES;
				CLANG_WARN_BLOCK_CAPTURE_AUTORELEASING = YES;
				CLANG_WARN_BOOL_CONVERSION = YES;
				CLANG_WARN_COMMA = YES;
				CLANG_WARN_CONSTANT_CONVERSION = YES;
				CLANG_WARN_DEPRECATED_OBJC_IMPLEMENTATIONS = YES;
				CLANG_WARN_DIRECT_OBJC_ISA_USAGE = YES_ERROR;
				CLANG_WARN_DOCUMENTATION_COMMENTS = YES;
				CLANG_WARN_EMPTY_BODY = YES;
				CLANG_WARN_ENUM_CONVERSION = YES;
				CLANG_WARN_INFINITE_RECURSION = YES;
				CLANG_WARN_INT_CONVERSION = YES;
				CLANG_WARN_NON_LITERAL_NULL_CONVERSION = YES;
				CLANG_WARN_OBJC_IMPLICIT_RETAIN_SELF = YES;
				CLANG_WARN_OBJC_LITERAL_CONVERSION = YES;
				CLANG_WARN_OBJC_ROOT_CLASS = YES_ERROR;
				CLANG_WARN_QUOTED_INCLUDE_IN_FRAMEWORK_HEADER = YES;
				CLANG_WARN_RANGE_LOOP_ANALYSIS = YES;
				CLANG_WARN_STRICT_PROTOTYPES = YES;
				CLANG_WARN_SUSPICIOUS_MOVE = YES;
				CLANG_WARN_UNGUARDED_AVAILABILITY = YES_AGGRESSIVE;
				CLANG_WARN_UNREACHABLE_CODE = YES;
				CLANG_WARN__DUPLICATE_METHOD_MATCH = YES;
				COPY_PHASE_STRIP = NO;
				DEBUG_INFORMATION_FORMAT = dwarf;
				ENABLE_STRICT_OBJC_MSGSEND = YES;
				ENABLE_TESTABILITY = YES;
				GCC_C_LANGUAGE_STANDARD = gnu11;
				GCC_DYNAMIC_NO_PIC = NO;
				GCC_NO_COMMON_BLOCKS = YES;
				GCC_OPTIMIZATION_LEVEL = 0;
				GCC_PREPROCESSOR_DEFINITIONS = (
					"DEBUG=1",
					"$(inherited)",
				);
				GCC_WARN_64_TO_32_BIT_CONVERSION = YES;
				GCC_WARN_ABOUT_RETURN_TYPE = YES_ERROR;
				GCC_WARN_UNDECLARED_SELECTOR = YES;
				GCC_WARN_UNINITIALIZED_AUTOS = YES_AGGRESSIVE;
				GCC_WARN_UNUSED_FUNCTION = YES;
				GCC_WARN_UNUSED_VARIABLE = YES;
				IPHONEOS_DEPLOYMENT_TARGET = 15.2;
				MTL_ENABLE_DEBUG_INFO = INCLUDE_SOURCE;
				MTL_FAST_MATH = YES;
				ONLY_ACTIVE_ARCH = YES;
				SDKROOT = iphoneos;
				SWIFT_ACTIVE_COMPILATION_CONDITIONS = DEBUG;
				SWIFT_OPTIMIZATION_LEVEL = "-Onone";
			};
			name = Debug;
		};
		7D0837742893E42F0091E803 /* Release */ = {
			isa = XCBuildConfiguration;
			buildSettings = {
				ALWAYS_SEARCH_USER_PATHS = NO;
				CLANG_ANALYZER_NONNULL = YES;
				CLANG_ANALYZER_NUMBER_OBJECT_CONVERSION = YES_AGGRESSIVE;
				CLANG_CXX_LANGUAGE_STANDARD = "gnu++17";
				CLANG_CXX_LIBRARY = "libc++";
				CLANG_ENABLE_MODULES = YES;
				CLANG_ENABLE_OBJC_ARC = YES;
				CLANG_ENABLE_OBJC_WEAK = YES;
				CLANG_WARN_BLOCK_CAPTURE_AUTORELEASING = YES;
				CLANG_WARN_BOOL_CONVERSION = YES;
				CLANG_WARN_COMMA = YES;
				CLANG_WARN_CONSTANT_CONVERSION = YES;
				CLANG_WARN_DEPRECATED_OBJC_IMPLEMENTATIONS = YES;
				CLANG_WARN_DIRECT_OBJC_ISA_USAGE = YES_ERROR;
				CLANG_WARN_DOCUMENTATION_COMMENTS = YES;
				CLANG_WARN_EMPTY_BODY = YES;
				CLANG_WARN_ENUM_CONVERSION = YES;
				CLANG_WARN_INFINITE_RECURSION = YES;
				CLANG_WARN_INT_CONVERSION = YES;
				CLANG_WARN_NON_LITERAL_NULL_CONVERSION = YES;
				CLANG_WARN_OBJC_IMPLICIT_RETAIN_SELF = YES;
				CLANG_WARN_OBJC_LITERAL_CONVERSION = YES;
				CLANG_WARN_OBJC_ROOT_CLASS = YES_ERROR;
				CLANG_WARN_QUOTED_INCLUDE_IN_FRAMEWORK_HEADER = YES;
				CLANG_WARN_RANGE_LOOP_ANALYSIS = YES;
				CLANG_WARN_STRICT_PROTOTYPES = YES;
				CLANG_WARN_SUSPICIOUS_MOVE = YES;
				CLANG_WARN_UNGUARDED_AVAILABILITY = YES_AGGRESSIVE;
				CLANG_WARN_UNREACHABLE_CODE = YES;
				CLANG_WARN__DUPLICATE_METHOD_MATCH = YES;
				COPY_PHASE_STRIP = NO;
				DEBUG_INFORMATION_FORMAT = "dwarf-with-dsym";
				ENABLE_NS_ASSERTIONS = NO;
				ENABLE_STRICT_OBJC_MSGSEND = YES;
				GCC_C_LANGUAGE_STANDARD = gnu11;
				GCC_NO_COMMON_BLOCKS = YES;
				GCC_WARN_64_TO_32_BIT_CONVERSION = YES;
				GCC_WARN_ABOUT_RETURN_TYPE = YES_ERROR;
				GCC_WARN_UNDECLARED_SELECTOR = YES;
				GCC_WARN_UNINITIALIZED_AUTOS = YES_AGGRESSIVE;
				GCC_WARN_UNUSED_FUNCTION = YES;
				GCC_WARN_UNUSED_VARIABLE = YES;
				IPHONEOS_DEPLOYMENT_TARGET = 15.2;
				MTL_ENABLE_DEBUG_INFO = NO;
				MTL_FAST_MATH = YES;
				SDKROOT = iphoneos;
				SWIFT_COMPILATION_MODE = wholemodule;
				SWIFT_OPTIMIZATION_LEVEL = "-O";
				VALIDATE_PRODUCT = YES;
			};
			name = Release;
		};
		7D0837762893E42F0091E803 /* Debug */ = {
			isa = XCBuildConfiguration;
			baseConfigurationReference = DEE66634EA3B63A169B0228A /* Pods-BROChat.debug.xcconfig */;
			buildSettings = {
				ASSETCATALOG_COMPILER_APPICON_NAME = AppIcon;
				ASSETCATALOG_COMPILER_GLOBAL_ACCENT_COLOR_NAME = AccentColor;
				CODE_SIGN_STYLE = Automatic;
				CURRENT_PROJECT_VERSION = 1;
				GENERATE_INFOPLIST_FILE = YES;
				INFOPLIST_FILE = BROChat/Info.plist;
				INFOPLIST_KEY_UIApplicationSupportsIndirectInputEvents = YES;
				INFOPLIST_KEY_UILaunchStoryboardName = LaunchScreen;
				INFOPLIST_KEY_UIMainStoryboardFile = Main;
				INFOPLIST_KEY_UISupportedInterfaceOrientations_iPad = "UIInterfaceOrientationPortrait UIInterfaceOrientationPortraitUpsideDown UIInterfaceOrientationLandscapeLeft UIInterfaceOrientationLandscapeRight";
				INFOPLIST_KEY_UISupportedInterfaceOrientations_iPhone = "UIInterfaceOrientationPortrait UIInterfaceOrientationLandscapeLeft UIInterfaceOrientationLandscapeRight";
				LD_RUNPATH_SEARCH_PATHS = (
					"$(inherited)",
					"@executable_path/Frameworks",
				);
				MARKETING_VERSION = 1.0;
				PRODUCT_BUNDLE_IDENTIFIER = "-1111.BROChat";
				PRODUCT_NAME = "$(TARGET_NAME)";
				SWIFT_EMIT_LOC_STRINGS = YES;
				SWIFT_VERSION = 5.0;
				TARGETED_DEVICE_FAMILY = 1;
			};
			name = Debug;
		};
		7D0837772893E42F0091E803 /* Release */ = {
			isa = XCBuildConfiguration;
			baseConfigurationReference = E39116CB324E5B930BED329B /* Pods-BROChat.release.xcconfig */;
			buildSettings = {
				ASSETCATALOG_COMPILER_APPICON_NAME = AppIcon;
				ASSETCATALOG_COMPILER_GLOBAL_ACCENT_COLOR_NAME = AccentColor;
				CODE_SIGN_STYLE = Automatic;
				CURRENT_PROJECT_VERSION = 1;
				GENERATE_INFOPLIST_FILE = YES;
				INFOPLIST_FILE = BROChat/Info.plist;
				INFOPLIST_KEY_UIApplicationSupportsIndirectInputEvents = YES;
				INFOPLIST_KEY_UILaunchStoryboardName = LaunchScreen;
				INFOPLIST_KEY_UIMainStoryboardFile = Main;
				INFOPLIST_KEY_UISupportedInterfaceOrientations_iPad = "UIInterfaceOrientationPortrait UIInterfaceOrientationPortraitUpsideDown UIInterfaceOrientationLandscapeLeft UIInterfaceOrientationLandscapeRight";
				INFOPLIST_KEY_UISupportedInterfaceOrientations_iPhone = "UIInterfaceOrientationPortrait UIInterfaceOrientationLandscapeLeft UIInterfaceOrientationLandscapeRight";
				LD_RUNPATH_SEARCH_PATHS = (
					"$(inherited)",
					"@executable_path/Frameworks",
				);
				MARKETING_VERSION = 1.0;
				PRODUCT_BUNDLE_IDENTIFIER = "-1111.BROChat";
				PRODUCT_NAME = "$(TARGET_NAME)";
				SWIFT_EMIT_LOC_STRINGS = YES;
				SWIFT_VERSION = 5.0;
				TARGETED_DEVICE_FAMILY = 1;
			};
			name = Release;
		};
		7D0837792893E42F0091E803 /* Debug */ = {
			isa = XCBuildConfiguration;
			baseConfigurationReference = D97325812A51299A828D9C26 /* Pods-BROChatTests.debug.xcconfig */;
			buildSettings = {
				ALWAYS_EMBED_SWIFT_STANDARD_LIBRARIES = YES;
				BUNDLE_LOADER = "$(TEST_HOST)";
				CODE_SIGN_STYLE = Automatic;
				CURRENT_PROJECT_VERSION = 1;
				GENERATE_INFOPLIST_FILE = YES;
				IPHONEOS_DEPLOYMENT_TARGET = 15.2;
				MARKETING_VERSION = 1.0;
				PRODUCT_BUNDLE_IDENTIFIER = "-1111.BROChatTests";
				PRODUCT_NAME = "$(TARGET_NAME)";
				SWIFT_EMIT_LOC_STRINGS = NO;
				SWIFT_VERSION = 5.0;
				TARGETED_DEVICE_FAMILY = "1,2";
				TEST_HOST = "$(BUILT_PRODUCTS_DIR)/BROChat.app/BROChat";
			};
			name = Debug;
		};
		7D08377A2893E42F0091E803 /* Release */ = {
			isa = XCBuildConfiguration;
			baseConfigurationReference = F5041689699063B31491123F /* Pods-BROChatTests.release.xcconfig */;
			buildSettings = {
				ALWAYS_EMBED_SWIFT_STANDARD_LIBRARIES = YES;
				BUNDLE_LOADER = "$(TEST_HOST)";
				CODE_SIGN_STYLE = Automatic;
				CURRENT_PROJECT_VERSION = 1;
				GENERATE_INFOPLIST_FILE = YES;
				IPHONEOS_DEPLOYMENT_TARGET = 15.2;
				MARKETING_VERSION = 1.0;
				PRODUCT_BUNDLE_IDENTIFIER = "-1111.BROChatTests";
				PRODUCT_NAME = "$(TARGET_NAME)";
				SWIFT_EMIT_LOC_STRINGS = NO;
				SWIFT_VERSION = 5.0;
				TARGETED_DEVICE_FAMILY = "1,2";
				TEST_HOST = "$(BUILT_PRODUCTS_DIR)/BROChat.app/BROChat";
			};
			name = Release;
		};
		7D08377C2893E42F0091E803 /* Debug */ = {
			isa = XCBuildConfiguration;
			baseConfigurationReference = 5F1D2EB0BE61AFB41DD44C4A /* Pods-BROChat-BROChatUITests.debug.xcconfig */;
			buildSettings = {
				ALWAYS_EMBED_SWIFT_STANDARD_LIBRARIES = YES;
				CODE_SIGN_STYLE = Automatic;
				CURRENT_PROJECT_VERSION = 1;
				GENERATE_INFOPLIST_FILE = YES;
				MARKETING_VERSION = 1.0;
				PRODUCT_BUNDLE_IDENTIFIER = "-1111.BROChatUITests";
				PRODUCT_NAME = "$(TARGET_NAME)";
				SWIFT_EMIT_LOC_STRINGS = NO;
				SWIFT_VERSION = 5.0;
				TARGETED_DEVICE_FAMILY = "1,2";
				TEST_TARGET_NAME = BROChat;
			};
			name = Debug;
		};
		7D08377D2893E42F0091E803 /* Release */ = {
			isa = XCBuildConfiguration;
			baseConfigurationReference = 19C964E5B36473DD60FC59C2 /* Pods-BROChat-BROChatUITests.release.xcconfig */;
			buildSettings = {
				ALWAYS_EMBED_SWIFT_STANDARD_LIBRARIES = YES;
				CODE_SIGN_STYLE = Automatic;
				CURRENT_PROJECT_VERSION = 1;
				GENERATE_INFOPLIST_FILE = YES;
				MARKETING_VERSION = 1.0;
				PRODUCT_BUNDLE_IDENTIFIER = "-1111.BROChatUITests";
				PRODUCT_NAME = "$(TARGET_NAME)";
				SWIFT_EMIT_LOC_STRINGS = NO;
				SWIFT_VERSION = 5.0;
				TARGETED_DEVICE_FAMILY = "1,2";
				TEST_TARGET_NAME = BROChat;
			};
			name = Release;
		};
/* End XCBuildConfiguration section */

/* Begin XCConfigurationList section */
		7D0837462893E4280091E803 /* Build configuration list for PBXProject "BROChat" */ = {
			isa = XCConfigurationList;
			buildConfigurations = (
				7D0837732893E42F0091E803 /* Debug */,
				7D0837742893E42F0091E803 /* Release */,
			);
			defaultConfigurationIsVisible = 0;
			defaultConfigurationName = Release;
		};
		7D0837752893E42F0091E803 /* Build configuration list for PBXNativeTarget "BROChat" */ = {
			isa = XCConfigurationList;
			buildConfigurations = (
				7D0837762893E42F0091E803 /* Debug */,
				7D0837772893E42F0091E803 /* Release */,
			);
			defaultConfigurationIsVisible = 0;
			defaultConfigurationName = Release;
		};
		7D0837782893E42F0091E803 /* Build configuration list for PBXNativeTarget "BROChatTests" */ = {
			isa = XCConfigurationList;
			buildConfigurations = (
				7D0837792893E42F0091E803 /* Debug */,
				7D08377A2893E42F0091E803 /* Release */,
			);
			defaultConfigurationIsVisible = 0;
			defaultConfigurationName = Release;
		};
		7D08377B2893E42F0091E803 /* Build configuration list for PBXNativeTarget "BROChatUITests" */ = {
			isa = XCConfigurationList;
			buildConfigurations = (
				7D08377C2893E42F0091E803 /* Debug */,
				7D08377D2893E42F0091E803 /* Release */,
			);
			defaultConfigurationIsVisible = 0;
			defaultConfigurationName = Release;
		};
/* End XCConfigurationList section */
	};
	rootObject = 7D0837432893E4280091E803 /* Project object */;
}
